
Microsoft Visual Studio Solution File, Format Version 12.00
# Visual Studio Version 16
VisualStudioVersion = 16.0.30523.141
MinimumVisualStudioVersion = 10.0.40219.1
Project("{8BC9CEB8-8B4A-11D0-8D11-00A0C91BC942}") = "01-ReportRepair", "01-ReportRepair\01-ReportRepair.vcxproj", "{B5197C00-DBDA-448B-A6D2-2523CF95632A}"
EndProject
Project("{8BC9CEB8-8B4A-11D0-8D11-00A0C91BC942}") = "02-PasswordPhilosophy", "02-PasswordPhilosophy\02-PasswordPhilosophy.vcxproj", "{E8DA2C94-358F-4190-AAD8-5298182F6939}"
EndProject
Project("{8BC9CEB8-8B4A-11D0-8D11-00A0C91BC942}") = "03-TobogganTrajectory", "03-TobogganTrajectory\03-TobogganTrajectory.vcxproj", "{BFF77650-C6F5-4CDD-9D24-F7C882CC68BA}"
EndProject
Project("{8BC9CEB8-8B4A-11D0-8D11-00A0C91BC942}") = "04-PassportProcessing", "04-PassportProcessing\04-PassportProcessing.vcxproj", "{E907EDE3-74BE-48A8-B166-2788BBA414BE}"
EndProject
Project("{8BC9CEB8-8B4A-11D0-8D11-00A0C91BC942}") = "05-BinaryBoarding", "05-BinaryBoarding\05-BinaryBoarding.vcxproj", "{AB8E014D-DF36-4D80-976F-8F3A492CD939}"
EndProject
Project("{8BC9CEB8-8B4A-11D0-8D11-00A0C91BC942}") = "06-CustomCustoms", "06-CustomCustoms\06-CustomCustoms.vcxproj", "{EC4406B5-FA8F-426B-B30E-DE499E03DF8B}"
EndProject
Project("{8BC9CEB8-8B4A-11D0-8D11-00A0C91BC942}") = "07-HandyHaversacks", "07-HandyHaversacks\07-HandyHaversacks.vcxproj", "{C89FED15-C21B-4FE7-8CBE-0F6F2225DDB3}"
EndProject
Project("{8BC9CEB8-8B4A-11D0-8D11-00A0C91BC942}") = "08-HandheldHalting", "08-HandheldHalting\08-HandheldHalting.vcxproj", "{F71D97AB-74ED-4468-BD0A-AFCD5198DF23}"
EndProject
Project("{8BC9CEB8-8B4A-11D0-8D11-00A0C91BC942}") = "09-EncodingError", "09-EncodingError\09-EncodingError.vcxproj", "{281F06D2-F942-43ED-9518-D6C3CD4773DF}"
EndProject
Project("{8BC9CEB8-8B4A-11D0-8D11-00A0C91BC942}") = "10-AdapterArray", "10-AdapterArray\10-AdapterArray.vcxproj", "{8DBE5A13-D606-4469-96EF-FB17E6F8DAE6}"
EndProject
Project("{8BC9CEB8-8B4A-11D0-8D11-00A0C91BC942}") = "11-SeatingSystem", "11-SeatingSystem\11-SeatingSystem.vcxproj", "{AC94F200-99AB-40C4-BA82-054DD09AC20C}"
EndProject
Project("{8BC9CEB8-8B4A-11D0-8D11-00A0C91BC942}") = "12-RainRisk", "12-RainRisk\12-RainRisk.vcxproj", "{CED806FF-2F56-4530-A49E-CABEF8BA75BE}"
EndProject
Project("{8BC9CEB8-8B4A-11D0-8D11-00A0C91BC942}") = "13-ShuttleSearch", "13-ShuttleSearch\13-ShuttleSearch.vcxproj", "{2004DD0E-FDBF-4CEC-B74C-E0C8104DA541}"
EndProject
Global
	GlobalSection(SolutionConfigurationPlatforms) = preSolution
		Debug|x64 = Debug|x64
		Debug|x86 = Debug|x86
		Release|x64 = Release|x64
		Release|x86 = Release|x86
	EndGlobalSection
	GlobalSection(ProjectConfigurationPlatforms) = postSolution
		{B5197C00-DBDA-448B-A6D2-2523CF95632A}.Debug|x64.ActiveCfg = Debug|x64
		{B5197C00-DBDA-448B-A6D2-2523CF95632A}.Debug|x64.Build.0 = Debug|x64
		{B5197C00-DBDA-448B-A6D2-2523CF95632A}.Debug|x86.ActiveCfg = Debug|Win32
		{B5197C00-DBDA-448B-A6D2-2523CF95632A}.Debug|x86.Build.0 = Debug|Win32
		{B5197C00-DBDA-448B-A6D2-2523CF95632A}.Release|x64.ActiveCfg = Release|x64
		{B5197C00-DBDA-448B-A6D2-2523CF95632A}.Release|x64.Build.0 = Release|x64
		{B5197C00-DBDA-448B-A6D2-2523CF95632A}.Release|x86.ActiveCfg = Release|Win32
		{B5197C00-DBDA-448B-A6D2-2523CF95632A}.Release|x86.Build.0 = Release|Win32
		{E8DA2C94-358F-4190-AAD8-5298182F6939}.Debug|x64.ActiveCfg = Debug|x64
		{E8DA2C94-358F-4190-AAD8-5298182F6939}.Debug|x64.Build.0 = Debug|x64
		{E8DA2C94-358F-4190-AAD8-5298182F6939}.Debug|x86.ActiveCfg = Debug|Win32
		{E8DA2C94-358F-4190-AAD8-5298182F6939}.Debug|x86.Build.0 = Debug|Win32
		{E8DA2C94-358F-4190-AAD8-5298182F6939}.Release|x64.ActiveCfg = Release|x64
		{E8DA2C94-358F-4190-AAD8-5298182F6939}.Release|x64.Build.0 = Release|x64
		{E8DA2C94-358F-4190-AAD8-5298182F6939}.Release|x86.ActiveCfg = Release|Win32
		{E8DA2C94-358F-4190-AAD8-5298182F6939}.Release|x86.Build.0 = Release|Win32
		{BFF77650-C6F5-4CDD-9D24-F7C882CC68BA}.Debug|x64.ActiveCfg = Debug|x64
		{BFF77650-C6F5-4CDD-9D24-F7C882CC68BA}.Debug|x64.Build.0 = Debug|x64
		{BFF77650-C6F5-4CDD-9D24-F7C882CC68BA}.Debug|x86.ActiveCfg = Debug|Win32
		{BFF77650-C6F5-4CDD-9D24-F7C882CC68BA}.Debug|x86.Build.0 = Debug|Win32
		{BFF77650-C6F5-4CDD-9D24-F7C882CC68BA}.Release|x64.ActiveCfg = Release|x64
		{BFF77650-C6F5-4CDD-9D24-F7C882CC68BA}.Release|x64.Build.0 = Release|x64
		{BFF77650-C6F5-4CDD-9D24-F7C882CC68BA}.Release|x86.ActiveCfg = Release|Win32
		{BFF77650-C6F5-4CDD-9D24-F7C882CC68BA}.Release|x86.Build.0 = Release|Win32
		{E907EDE3-74BE-48A8-B166-2788BBA414BE}.Debug|x64.ActiveCfg = Debug|x64
		{E907EDE3-74BE-48A8-B166-2788BBA414BE}.Debug|x64.Build.0 = Debug|x64
		{E907EDE3-74BE-48A8-B166-2788BBA414BE}.Debug|x86.ActiveCfg = Debug|Win32
		{E907EDE3-74BE-48A8-B166-2788BBA414BE}.Debug|x86.Build.0 = Debug|Win32
		{E907EDE3-74BE-48A8-B166-2788BBA414BE}.Release|x64.ActiveCfg = Release|x64
		{E907EDE3-74BE-48A8-B166-2788BBA414BE}.Release|x64.Build.0 = Release|x64
		{E907EDE3-74BE-48A8-B166-2788BBA414BE}.Release|x86.ActiveCfg = Release|Win32
		{E907EDE3-74BE-48A8-B166-2788BBA414BE}.Release|x86.Build.0 = Release|Win32
		{AB8E014D-DF36-4D80-976F-8F3A492CD939}.Debug|x64.ActiveCfg = Debug|x64
		{AB8E014D-DF36-4D80-976F-8F3A492CD939}.Debug|x64.Build.0 = Debug|x64
		{AB8E014D-DF36-4D80-976F-8F3A492CD939}.Debug|x86.ActiveCfg = Debug|Win32
		{AB8E014D-DF36-4D80-976F-8F3A492CD939}.Debug|x86.Build.0 = Debug|Win32
		{AB8E014D-DF36-4D80-976F-8F3A492CD939}.Release|x64.ActiveCfg = Release|x64
		{AB8E014D-DF36-4D80-976F-8F3A492CD939}.Release|x64.Build.0 = Release|x64
		{AB8E014D-DF36-4D80-976F-8F3A492CD939}.Release|x86.ActiveCfg = Release|Win32
		{AB8E014D-DF36-4D80-976F-8F3A492CD939}.Release|x86.Build.0 = Release|Win32
		{EC4406B5-FA8F-426B-B30E-DE499E03DF8B}.Debug|x64.ActiveCfg = Debug|x64
		{EC4406B5-FA8F-426B-B30E-DE499E03DF8B}.Debug|x64.Build.0 = Debug|x64
		{EC4406B5-FA8F-426B-B30E-DE499E03DF8B}.Debug|x86.ActiveCfg = Debug|Win32
		{EC4406B5-FA8F-426B-B30E-DE499E03DF8B}.Debug|x86.Build.0 = Debug|Win32
		{EC4406B5-FA8F-426B-B30E-DE499E03DF8B}.Release|x64.ActiveCfg = Release|x64
		{EC4406B5-FA8F-426B-B30E-DE499E03DF8B}.Release|x64.Build.0 = Release|x64
		{EC4406B5-FA8F-426B-B30E-DE499E03DF8B}.Release|x86.ActiveCfg = Release|Win32
		{EC4406B5-FA8F-426B-B30E-DE499E03DF8B}.Release|x86.Build.0 = Release|Win32
		{C89FED15-C21B-4FE7-8CBE-0F6F2225DDB3}.Debug|x64.ActiveCfg = Debug|x64
		{C89FED15-C21B-4FE7-8CBE-0F6F2225DDB3}.Debug|x64.Build.0 = Debug|x64
		{C89FED15-C21B-4FE7-8CBE-0F6F2225DDB3}.Debug|x86.ActiveCfg = Debug|Win32
		{C89FED15-C21B-4FE7-8CBE-0F6F2225DDB3}.Debug|x86.Build.0 = Debug|Win32
		{C89FED15-C21B-4FE7-8CBE-0F6F2225DDB3}.Release|x64.ActiveCfg = Release|x64
		{C89FED15-C21B-4FE7-8CBE-0F6F2225DDB3}.Release|x64.Build.0 = Release|x64
		{C89FED15-C21B-4FE7-8CBE-0F6F2225DDB3}.Release|x86.ActiveCfg = Release|Win32
		{C89FED15-C21B-4FE7-8CBE-0F6F2225DDB3}.Release|x86.Build.0 = Release|Win32
		{F71D97AB-74ED-4468-BD0A-AFCD5198DF23}.Debug|x64.ActiveCfg = Debug|x64
		{F71D97AB-74ED-4468-BD0A-AFCD5198DF23}.Debug|x64.Build.0 = Debug|x64
		{F71D97AB-74ED-4468-BD0A-AFCD5198DF23}.Debug|x86.ActiveCfg = Debug|Win32
		{F71D97AB-74ED-4468-BD0A-AFCD5198DF23}.Debug|x86.Build.0 = Debug|Win32
		{F71D97AB-74ED-4468-BD0A-AFCD5198DF23}.Release|x64.ActiveCfg = Release|x64
		{F71D97AB-74ED-4468-BD0A-AFCD5198DF23}.Release|x64.Build.0 = Release|x64
		{F71D97AB-74ED-4468-BD0A-AFCD5198DF23}.Release|x86.ActiveCfg = Release|Win32
		{F71D97AB-74ED-4468-BD0A-AFCD5198DF23}.Release|x86.Build.0 = Release|Win32
		{281F06D2-F942-43ED-9518-D6C3CD4773DF}.Debug|x64.ActiveCfg = Debug|x64
		{281F06D2-F942-43ED-9518-D6C3CD4773DF}.Debug|x64.Build.0 = Debug|x64
		{281F06D2-F942-43ED-9518-D6C3CD4773DF}.Debug|x86.ActiveCfg = Debug|Win32
		{281F06D2-F942-43ED-9518-D6C3CD4773DF}.Debug|x86.Build.0 = Debug|Win32
		{281F06D2-F942-43ED-9518-D6C3CD4773DF}.Release|x64.ActiveCfg = Release|x64
		{281F06D2-F942-43ED-9518-D6C3CD4773DF}.Release|x64.Build.0 = Release|x64
		{281F06D2-F942-43ED-9518-D6C3CD4773DF}.Release|x86.ActiveCfg = Release|Win32
		{281F06D2-F942-43ED-9518-D6C3CD4773DF}.Release|x86.Build.0 = Release|Win32
		{8DBE5A13-D606-4469-96EF-FB17E6F8DAE6}.Debug|x64.ActiveCfg = Debug|x64
		{8DBE5A13-D606-4469-96EF-FB17E6F8DAE6}.Debug|x64.Build.0 = Debug|x64
		{8DBE5A13-D606-4469-96EF-FB17E6F8DAE6}.Debug|x86.ActiveCfg = Debug|Win32
		{8DBE5A13-D606-4469-96EF-FB17E6F8DAE6}.Debug|x86.Build.0 = Debug|Win32
		{8DBE5A13-D606-4469-96EF-FB17E6F8DAE6}.Release|x64.ActiveCfg = Release|x64
		{8DBE5A13-D606-4469-96EF-FB17E6F8DAE6}.Release|x64.Build.0 = Release|x64
		{8DBE5A13-D606-4469-96EF-FB17E6F8DAE6}.Release|x86.ActiveCfg = Release|Win32
		{8DBE5A13-D606-4469-96EF-FB17E6F8DAE6}.Release|x86.Build.0 = Release|Win32
		{AC94F200-99AB-40C4-BA82-054DD09AC20C}.Debug|x64.ActiveCfg = Debug|x64
		{AC94F200-99AB-40C4-BA82-054DD09AC20C}.Debug|x64.Build.0 = Debug|x64
		{AC94F200-99AB-40C4-BA82-054DD09AC20C}.Debug|x86.ActiveCfg = Debug|Win32
		{AC94F200-99AB-40C4-BA82-054DD09AC20C}.Debug|x86.Build.0 = Debug|Win32
		{AC94F200-99AB-40C4-BA82-054DD09AC20C}.Release|x64.ActiveCfg = Release|x64
		{AC94F200-99AB-40C4-BA82-054DD09AC20C}.Release|x64.Build.0 = Release|x64
		{AC94F200-99AB-40C4-BA82-054DD09AC20C}.Release|x86.ActiveCfg = Release|Win32
		{AC94F200-99AB-40C4-BA82-054DD09AC20C}.Release|x86.Build.0 = Release|Win32
		{CED806FF-2F56-4530-A49E-CABEF8BA75BE}.Debug|x64.ActiveCfg = Debug|x64
		{CED806FF-2F56-4530-A49E-CABEF8BA75BE}.Debug|x64.Build.0 = Debug|x64
		{CED806FF-2F56-4530-A49E-CABEF8BA75BE}.Debug|x86.ActiveCfg = Debug|Win32
		{CED806FF-2F56-4530-A49E-CABEF8BA75BE}.Debug|x86.Build.0 = Debug|Win32
		{CED806FF-2F56-4530-A49E-CABEF8BA75BE}.Release|x64.ActiveCfg = Release|x64
		{CED806FF-2F56-4530-A49E-CABEF8BA75BE}.Release|x64.Build.0 = Release|x64
		{CED806FF-2F56-4530-A49E-CABEF8BA75BE}.Release|x86.ActiveCfg = Release|Win32
		{CED806FF-2F56-4530-A49E-CABEF8BA75BE}.Release|x86.Build.0 = Release|Win32
		{2004DD0E-FDBF-4CEC-B74C-E0C8104DA541}.Debug|x64.ActiveCfg = Debug|x64
		{2004DD0E-FDBF-4CEC-B74C-E0C8104DA541}.Debug|x64.Build.0 = Debug|x64
		{2004DD0E-FDBF-4CEC-B74C-E0C8104DA541}.Debug|x86.ActiveCfg = Debug|Win32
		{2004DD0E-FDBF-4CEC-B74C-E0C8104DA541}.Debug|x86.Build.0 = Debug|Win32
		{2004DD0E-FDBF-4CEC-B74C-E0C8104DA541}.Release|x64.ActiveCfg = Release|x64
		{2004DD0E-FDBF-4CEC-B74C-E0C8104DA541}.Release|x64.Build.0 = Release|x64
		{2004DD0E-FDBF-4CEC-B74C-E0C8104DA541}.Release|x86.ActiveCfg = Release|Win32
		{2004DD0E-FDBF-4CEC-B74C-E0C8104DA541}.Release|x86.Build.0 = Release|Win32
	EndGlobalSection
	GlobalSection(SolutionProperties) = preSolution
		HideSolutionNode = FALSE
	EndGlobalSection
	GlobalSection(ExtensibilityGlobals) = postSolution
		SolutionGuid = {85150B5D-71BD-4117-9F21-314D71B9EE06}
	EndGlobalSection
EndGlobal
